
Microsoft Visual Studio Solution File, Format Version 9.00
# Visual Studio 2005
Project("{8BC9CEB8-8B4A-11D0-8D11-00A0C91BC942}") = "goya", "src\goya.vcproj", "{D41D8CD9-8F00-3204-A980-0998ECF8427E}"
	ProjectSection(ProjectDependencies) = postProject
		{D36BD33D-D818-4302-A7B3-09894BACABB4} = {D36BD33D-D818-4302-A7B3-09894BACABB4}
		{D16DA456-40E8-4067-BB37-44D6560ACC77} = {D16DA456-40E8-4067-BB37-44D6560ACC77}
		{7C644965-3A45-4799-BF61-63FF4FA189AA} = {7C644965-3A45-4799-BF61-63FF4FA189AA}
		{98172D7E-9A5D-4CAF-8952-FC2B1783D8E5} = {98172D7E-9A5D-4CAF-8952-FC2B1783D8E5}
		{31122296-DC45-41FB-9A04-BB2014876CCD} = {31122296-DC45-41FB-9A04-BB2014876CCD}
		{55FBDAAD-E937-4609-8D9C-9B353FB6F0D9} = {55FBDAAD-E937-4609-8D9C-9B353FB6F0D9}
		{233EB3BA-DC75-4C51-BE9F-2F0AA65AFAB8} = {233EB3BA-DC75-4C51-BE9F-2F0AA65AFAB8}
	EndProjectSection
EndProject
Project("{8BC9CEB8-8B4A-11D0-8D11-00A0C91BC942}") = "jobs", "src\core\jobs\jobs.vcproj", "{D36BD33D-D818-4302-A7B3-09894BACABB4}"
EndProject
Project("{8BC9CEB8-8B4A-11D0-8D11-00A0C91BC942}") = "network", "src\core\network\network.vcproj", "{233EB3BA-DC75-4C51-BE9F-2F0AA65AFAB8}"
EndProject
Project("{8BC9CEB8-8B4A-11D0-8D11-00A0C91BC942}") = "core", "src\core\core.vcproj", "{31122296-DC45-41FB-9A04-BB2014876CCD}"
	ProjectSection(ProjectDependencies) = postProject
		{D36BD33D-D818-4302-A7B3-09894BACABB4} = {D36BD33D-D818-4302-A7B3-09894BACABB4}
		{233EB3BA-DC75-4C51-BE9F-2F0AA65AFAB8} = {233EB3BA-DC75-4C51-BE9F-2F0AA65AFAB8}
	EndProjectSection
EndProject
Project("{8BC9CEB8-8B4A-11D0-8D11-00A0C91BC942}") = "dialogs", "src\dialogs\dialogs.vcproj", "{98172D7E-9A5D-4CAF-8952-FC2B1783D8E5}"
	ProjectSection(ProjectDependencies) = postProject
		{D16DA456-40E8-4067-BB37-44D6560ACC77} = {D16DA456-40E8-4067-BB37-44D6560ACC77}
		{7C644965-3A45-4799-BF61-63FF4FA189AA} = {7C644965-3A45-4799-BF61-63FF4FA189AA}
		{31122296-DC45-41FB-9A04-BB2014876CCD} = {31122296-DC45-41FB-9A04-BB2014876CCD}
	EndProjectSection
EndProject
Project("{8BC9CEB8-8B4A-11D0-8D11-00A0C91BC942}") = "photowidgets", "src\widgets\photowidgets\photowidgets.vcproj", "{55FBDAAD-E937-4609-8D9C-9B353FB6F0D9}"
	ProjectSection(ProjectDependencies) = postProject
		{31122296-DC45-41FB-9A04-BB2014876CCD} = {31122296-DC45-41FB-9A04-BB2014876CCD}
	EndProjectSection
EndProject
Project("{8BC9CEB8-8B4A-11D0-8D11-00A0C91BC942}") = "wizard", "src\widgets\wizard\wizard.vcproj", "{D16DA456-40E8-4067-BB37-44D6560ACC77}"
	ProjectSection(ProjectDependencies) = postProject
		{31122296-DC45-41FB-9A04-BB2014876CCD} = {31122296-DC45-41FB-9A04-BB2014876CCD}
	EndProjectSection
EndProject
Project("{8BC9CEB8-8B4A-11D0-8D11-00A0C91BC942}") = "widgets", "src\widgets\widgets.vcproj", "{7C644965-3A45-4799-BF61-63FF4FA189AA}"
	ProjectSection(ProjectDependencies) = postProject
		{31122296-DC45-41FB-9A04-BB2014876CCD} = {31122296-DC45-41FB-9A04-BB2014876CCD}
		{55FBDAAD-E937-4609-8D9C-9B353FB6F0D9} = {55FBDAAD-E937-4609-8D9C-9B353FB6F0D9}
	EndProjectSection
EndProject
Global
	GlobalSection(SolutionConfigurationPlatforms) = preSolution
		Debug|Win32 = Debug|Win32
		Release|Win32 = Release|Win32
	EndGlobalSection
	GlobalSection(ProjectConfigurationPlatforms) = postSolution
		{D41D8CD9-8F00-3204-A980-0998ECF8427E}.Debug|Win32.ActiveCfg = Debug|Win32
		{D41D8CD9-8F00-3204-A980-0998ECF8427E}.Debug|Win32.Build.0 = Debug|Win32
		{D41D8CD9-8F00-3204-A980-0998ECF8427E}.Release|Win32.ActiveCfg = Release|Win32
		{D41D8CD9-8F00-3204-A980-0998ECF8427E}.Release|Win32.Build.0 = Release|Win32
		{D36BD33D-D818-4302-A7B3-09894BACABB4}.Debug|Win32.ActiveCfg = Debug|Win32
		{D36BD33D-D818-4302-A7B3-09894BACABB4}.Debug|Win32.Build.0 = Debug|Win32
		{D36BD33D-D818-4302-A7B3-09894BACABB4}.Release|Win32.ActiveCfg = Release|Win32
		{D36BD33D-D818-4302-A7B3-09894BACABB4}.Release|Win32.Build.0 = Release|Win32
		{233EB3BA-DC75-4C51-BE9F-2F0AA65AFAB8}.Debug|Win32.ActiveCfg = Debug|Win32
		{233EB3BA-DC75-4C51-BE9F-2F0AA65AFAB8}.Debug|Win32.Build.0 = Debug|Win32
		{233EB3BA-DC75-4C51-BE9F-2F0AA65AFAB8}.Release|Win32.ActiveCfg = Release|Win32
		{233EB3BA-DC75-4C51-BE9F-2F0AA65AFAB8}.Release|Win32.Build.0 = Release|Win32
		{31122296-DC45-41FB-9A04-BB2014876CCD}.Debug|Win32.ActiveCfg = Debug|Win32
		{31122296-DC45-41FB-9A04-BB2014876CCD}.Debug|Win32.Build.0 = Debug|Win32
		{31122296-DC45-41FB-9A04-BB2014876CCD}.Release|Win32.ActiveCfg = Release|Win32
		{31122296-DC45-41FB-9A04-BB2014876CCD}.Release|Win32.Build.0 = Release|Win32
		{98172D7E-9A5D-4CAF-8952-FC2B1783D8E5}.Debug|Win32.ActiveCfg = Debug|Win32
		{98172D7E-9A5D-4CAF-8952-FC2B1783D8E5}.Debug|Win32.Build.0 = Debug|Win32
		{98172D7E-9A5D-4CAF-8952-FC2B1783D8E5}.Release|Win32.ActiveCfg = Release|Win32
		{98172D7E-9A5D-4CAF-8952-FC2B1783D8E5}.Release|Win32.Build.0 = Release|Win32
		{55FBDAAD-E937-4609-8D9C-9B353FB6F0D9}.Debug|Win32.ActiveCfg = Debug|Win32
		{55FBDAAD-E937-4609-8D9C-9B353FB6F0D9}.Debug|Win32.Build.0 = Debug|Win32
		{55FBDAAD-E937-4609-8D9C-9B353FB6F0D9}.Release|Win32.ActiveCfg = Release|Win32
		{55FBDAAD-E937-4609-8D9C-9B353FB6F0D9}.Release|Win32.Build.0 = Release|Win32
		{D16DA456-40E8-4067-BB37-44D6560ACC77}.Debug|Win32.ActiveCfg = Debug|Win32
		{D16DA456-40E8-4067-BB37-44D6560ACC77}.Debug|Win32.Build.0 = Debug|Win32
		{D16DA456-40E8-4067-BB37-44D6560ACC77}.Release|Win32.ActiveCfg = Release|Win32
		{D16DA456-40E8-4067-BB37-44D6560ACC77}.Release|Win32.Build.0 = Release|Win32
		{7C644965-3A45-4799-BF61-63FF4FA189AA}.Debug|Win32.ActiveCfg = Debug|Win32
		{7C644965-3A45-4799-BF61-63FF4FA189AA}.Debug|Win32.Build.0 = Debug|Win32
		{7C644965-3A45-4799-BF61-63FF4FA189AA}.Release|Win32.ActiveCfg = Release|Win32
		{7C644965-3A45-4799-BF61-63FF4FA189AA}.Release|Win32.Build.0 = Release|Win32
	EndGlobalSection
	GlobalSection(SolutionProperties) = preSolution
		HideSolutionNode = FALSE
	EndGlobalSection
EndGlobal
